// !$*UTF8*$!
{
	archiveVersion = 1;
	classes = {
	};
	objectVersion = 52;
	objects = {

/* Begin PBXBuildFile section */
		08FD049F241A32CB002A8BC6 /* AppDelegate.swift in Sources */ = {isa = PBXBuildFile; fileRef = 08FD049E241A32CB002A8BC6 /* AppDelegate.swift */; };
		08FD04A1241A32CB002A8BC6 /* SceneDelegate.swift in Sources */ = {isa = PBXBuildFile; fileRef = 08FD04A0241A32CB002A8BC6 /* SceneDelegate.swift */; };
		08FD04A3241A32CB002A8BC6 /* ViewController.swift in Sources */ = {isa = PBXBuildFile; fileRef = 08FD04A2241A32CB002A8BC6 /* ViewController.swift */; };
		08FD04A6241A32CB002A8BC6 /* Main.storyboard in Resources */ = {isa = PBXBuildFile; fileRef = 08FD04A4241A32CB002A8BC6 /* Main.storyboard */; };
		08FD04A8241A32CE002A8BC6 /* Assets.xcassets in Resources */ = {isa = PBXBuildFile; fileRef = 08FD04A7241A32CE002A8BC6 /* Assets.xcassets */; };
		08FD04AB241A32CE002A8BC6 /* LaunchScreen.storyboard in Resources */ = {isa = PBXBuildFile; fileRef = 08FD04A9241A32CE002A8BC6 /* LaunchScreen.storyboard */; };
		08FD04B4241A35A9002A8BC6 /* Moya in Frameworks */ = {isa = PBXBuildFile; productRef = 08FD04B3241A35A9002A8BC6 /* Moya */; };
		08FD04B6241A35A9002A8BC6 /* ReactiveMoya in Frameworks */ = {isa = PBXBuildFile; productRef = 08FD04B5241A35A9002A8BC6 /* ReactiveMoya */; };
		08FD04B8241A35A9002A8BC6 /* RxMoya in Frameworks */ = {isa = PBXBuildFile; productRef = 08FD04B7241A35A9002A8BC6 /* RxMoya */; };
		08FD04BF241A3ED3002A8BC6 /* Film.swift in Sources */ = {isa = PBXBuildFile; fileRef = 08FD04BE241A3ED3002A8BC6 /* Film.swift */; };
		08FD04C1241A4015002A8BC6 /* CodableResponses.swift in Sources */ = {isa = PBXBuildFile; fileRef = 08FD04C0241A4015002A8BC6 /* CodableResponses.swift */; };
		08FD04C3241A40BD002A8BC6 /* Swapi.swift in Sources */ = {isa = PBXBuildFile; fileRef = 08FD04C2241A40BD002A8BC6 /* Swapi.swift */; };
		08FD04C6241A5026002A8BC6 /* SampleFilmsSwapiReponse.json in Resources */ = {isa = PBXBuildFile; fileRef = 08FD04C5241A5026002A8BC6 /* SampleFilmsSwapiReponse.json */; };
/* End PBXBuildFile section */

/* Begin PBXFileReference section */
		08FD049B241A32CB002A8BC6 /* fetchAPI.app */ = {isa = PBXFileReference; explicitFileType = wrapper.application; includeInIndex = 0; path = fetchAPI.app; sourceTree = BUILT_PRODUCTS_DIR; };
		08FD049E241A32CB002A8BC6 /* AppDelegate.swift */ = {isa = PBXFileReference; lastKnownFileType = sourcecode.swift; path = AppDelegate.swift; sourceTree = "<group>"; };
		08FD04A0241A32CB002A8BC6 /* SceneDelegate.swift */ = {isa = PBXFileReference; lastKnownFileType = sourcecode.swift; path = SceneDelegate.swift; sourceTree = "<group>"; };
		08FD04A2241A32CB002A8BC6 /* ViewController.swift */ = {isa = PBXFileReference; lastKnownFileType = sourcecode.swift; path = ViewController.swift; sourceTree = "<group>"; };
		08FD04A5241A32CB002A8BC6 /* Base */ = {isa = PBXFileReference; lastKnownFileType = file.storyboard; name = Base; path = Base.lproj/Main.storyboard; sourceTree = "<group>"; };
		08FD04A7241A32CE002A8BC6 /* Assets.xcassets */ = {isa = PBXFileReference; lastKnownFileType = folder.assetcatalog; path = Assets.xcassets; sourceTree = "<group>"; };
		08FD04AA241A32CE002A8BC6 /* Base */ = {isa = PBXFileReference; lastKnownFileType = file.storyboard; name = Base; path = Base.lproj/LaunchScreen.storyboard; sourceTree = "<group>"; };
		08FD04AC241A32CE002A8BC6 /* Info.plist */ = {isa = PBXFileReference; lastKnownFileType = text.plist.xml; path = Info.plist; sourceTree = "<group>"; };
		08FD04BE241A3ED3002A8BC6 /* Film.swift */ = {isa = PBXFileReference; lastKnownFileType = sourcecode.swift; path = Film.swift; sourceTree = "<group>"; };
		08FD04C0241A4015002A8BC6 /* CodableResponses.swift */ = {isa = PBXFileReference; lastKnownFileType = sourcecode.swift; path = CodableResponses.swift; sourceTree = "<group>"; };
		08FD04C2241A40BD002A8BC6 /* Swapi.swift */ = {isa = PBXFileReference; lastKnownFileType = sourcecode.swift; path = Swapi.swift; sourceTree = "<group>"; };
		08FD04C5241A5026002A8BC6 /* SampleFilmsSwapiReponse.json */ = {isa = PBXFileReference; fileEncoding = 4; lastKnownFileType = text.json; name = SampleFilmsSwapiReponse.json; path = ../../../../Downloads/SampleFilmsSwapiReponse.json; sourceTree = "<group>"; };
/* End PBXFileReference section */

/* Begin PBXFrameworksBuildPhase section */
		08FD0498241A32CB002A8BC6 /* Frameworks */ = {
			isa = PBXFrameworksBuildPhase;
			buildActionMask = 2147483647;
			files = (
				08FD04B8241A35A9002A8BC6 /* RxMoya in Frameworks */,
				08FD04B4241A35A9002A8BC6 /* Moya in Frameworks */,
				08FD04B6241A35A9002A8BC6 /* ReactiveMoya in Frameworks */,
			);
			runOnlyForDeploymentPostprocessing = 0;
		};
/* End PBXFrameworksBuildPhase section */

/* Begin PBXGroup section */
		08FD0492241A32CB002A8BC6 = {
			isa = PBXGroup;
			children = (
				08FD049D241A32CB002A8BC6 /* fetchAPI */,
				08FD049C241A32CB002A8BC6 /* Products */,
			);
			sourceTree = "<group>";
		};
		08FD049C241A32CB002A8BC6 /* Products */ = {
			isa = PBXGroup;
			children = (
				08FD049B241A32CB002A8BC6 /* fetchAPI.app */,
			);
			name = Products;
			sourceTree = "<group>";
		};
		08FD049D241A32CB002A8BC6 /* fetchAPI */ = {
			isa = PBXGroup;
			children = (
				08FD04C4241A5019002A8BC6 /* Ressource */,
				08FD04BD241A3D97002A8BC6 /* Helpers */,
				08FD04BC241A3D85002A8BC6 /* Network */,
				08FD04BA241A3D71002A8BC6 /* Models */,
				08FD04B9241A3D67002A8BC6 /* Views */,
				08FD049E241A32CB002A8BC6 /* AppDelegate.swift */,
				08FD04A0241A32CB002A8BC6 /* SceneDelegate.swift */,
				08FD04A7241A32CE002A8BC6 /* Assets.xcassets */,
				08FD04A9241A32CE002A8BC6 /* LaunchScreen.storyboard */,
				08FD04AC241A32CE002A8BC6 /* Info.plist */,
			);
			path = fetchAPI;
			sourceTree = "<group>";
		};
		08FD04B9241A3D67002A8BC6 /* Views */ = {
			isa = PBXGroup;
			children = (
				08FD04A4241A32CB002A8BC6 /* Main.storyboard */,
				08FD04A2241A32CB002A8BC6 /* ViewController.swift */,
			);
			path = Views;
			sourceTree = "<group>";
		};
		08FD04BA241A3D71002A8BC6 /* Models */ = {
			isa = PBXGroup;
			children = (
				08FD04BE241A3ED3002A8BC6 /* Film.swift */,
			);
			path = Models;
			sourceTree = "<group>";
		};
		08FD04BC241A3D85002A8BC6 /* Network */ = {
			isa = PBXGroup;
			children = (
				08FD04C0241A4015002A8BC6 /* CodableResponses.swift */,
				08FD04C2241A40BD002A8BC6 /* Swapi.swift */,
			);
			path = Network;
			sourceTree = "<group>";
		};
		08FD04BD241A3D97002A8BC6 /* Helpers */ = {
			isa = PBXGroup;
			children = (
			);
			path = Helpers;
			sourceTree = "<group>";
		};
		08FD04C4241A5019002A8BC6 /* Ressource */ = {
			isa = PBXGroup;
			children = (
				08FD04C5241A5026002A8BC6 /* SampleFilmsSwapiReponse.json */,
			);
			path = Ressource;
			sourceTree = "<group>";
		};
/* End PBXGroup section */

/* Begin PBXNativeTarget section */
		08FD049A241A32CB002A8BC6 /* fetchAPI */ = {
			isa = PBXNativeTarget;
			buildConfigurationList = 08FD04AF241A32CE002A8BC6 /* Build configuration list for PBXNativeTarget "fetchAPI" */;
			buildPhases = (
				08FD0497241A32CB002A8BC6 /* Sources */,
				08FD0498241A32CB002A8BC6 /* Frameworks */,
				08FD0499241A32CB002A8BC6 /* Resources */,
			);
			buildRules = (
			);
			dependencies = (
			);
			name = fetchAPI;
			packageProductDependencies = (
				08FD04B3241A35A9002A8BC6 /* Moya */,
				08FD04B5241A35A9002A8BC6 /* ReactiveMoya */,
				08FD04B7241A35A9002A8BC6 /* RxMoya */,
			);
			productName = fetchAPI;
			productReference = 08FD049B241A32CB002A8BC6 /* fetchAPI.app */;
			productType = "com.apple.product-type.application";
		};
/* End PBXNativeTarget section */

/* Begin PBXProject section */
		08FD0493241A32CB002A8BC6 /* Project object */ = {
			isa = PBXProject;
			attributes = {
				LastSwiftUpdateCheck = 1130;
				LastUpgradeCheck = 1130;
				ORGANIZATIONNAME = lpiem;
				TargetAttributes = {
					08FD049A241A32CB002A8BC6 = {
						CreatedOnToolsVersion = 11.3.1;
					};
				};
			};
			buildConfigurationList = 08FD0496241A32CB002A8BC6 /* Build configuration list for PBXProject "fetchAPI" */;
			compatibilityVersion = "Xcode 9.3";
			developmentRegion = en;
			hasScannedForEncodings = 0;
			knownRegions = (
				en,
				Base,
			);
			mainGroup = 08FD0492241A32CB002A8BC6;
			packageReferences = (
				08FD04B2241A35A9002A8BC6 /* XCRemoteSwiftPackageReference "Moya" */,
			);
			productRefGroup = 08FD049C241A32CB002A8BC6 /* Products */;
			projectDirPath = "";
			projectRoot = "";
			targets = (
				08FD049A241A32CB002A8BC6 /* fetchAPI */,
			);
		};
/* End PBXProject section */

/* Begin PBXResourcesBuildPhase section */
		08FD0499241A32CB002A8BC6 /* Resources */ = {
			isa = PBXResourcesBuildPhase;
			buildActionMask = 2147483647;
			files = (
				08FD04AB241A32CE002A8BC6 /* LaunchScreen.storyboard in Resources */,
				08FD04C6241A5026002A8BC6 /* SampleFilmsSwapiReponse.json in Resources */,
				08FD04A8241A32CE002A8BC6 /* Assets.xcassets in Resources */,
				08FD04A6241A32CB002A8BC6 /* Main.storyboard in Resources */,
			);
			runOnlyForDeploymentPostprocessing = 0;
		};
/* End PBXResourcesBuildPhase section */

/* Begin PBXSourcesBuildPhase section */
		08FD0497241A32CB002A8BC6 /* Sources */ = {
			isa = PBXSourcesBuildPhase;
			buildActionMask = 2147483647;
			files = (
				08FD04A3241A32CB002A8BC6 /* ViewController.swift in Sources */,
				08FD04BF241A3ED3002A8BC6 /* Film.swift in Sources */,
				08FD04C1241A4015002A8BC6 /* CodableResponses.swift in Sources */,
				08FD049F241A32CB002A8BC6 /* AppDelegate.swift in Sources */,
				08FD04C3241A40BD002A8BC6 /* Swapi.swift in Sources */,
				08FD04A1241A32CB002A8BC6 /* SceneDelegate.swift in Sources */,
			);
			runOnlyForDeploymentPostprocessing = 0;
		};
/* End PBXSourcesBuildPhase section */

/* Begin PBXVariantGroup section */
		08FD04A4241A32CB002A8BC6 /* Main.storyboard */ = {
			isa = PBXVariantGroup;
			children = (
				08FD04A5241A32CB002A8BC6 /* Base */,
			);
			name = Main.storyboard;
			sourceTree = "<group>";
		};
		08FD04A9241A32CE002A8BC6 /* LaunchScreen.storyboard */ = {
			isa = PBXVariantGroup;
			children = (
				08FD04AA241A32CE002A8BC6 /* Base */,
			);
			name = LaunchScreen.storyboard;
			sourceTree = "<group>";
		};
/* End PBXVariantGroup section */

/* Begin XCBuildConfiguration section */
		08FD04AD241A32CE002A8BC6 /* Debug */ = {
			isa = XCBuildConfiguration;
			buildSettings = {
				ALWAYS_SEARCH_USER_PATHS = NO;
				CLANG_ANALYZER_NONNULL = YES;
				CLANG_ANALYZER_NUMBER_OBJECT_CONVERSION = YES_AGGRESSIVE;
				CLANG_CXX_LANGUAGE_STANDARD = "gnu++14";
				CLANG_CXX_LIBRARY = "libc++";
				CLANG_ENABLE_MODULES = YES;
				CLANG_ENABLE_OBJC_ARC = YES;
				CLANG_ENABLE_OBJC_WEAK = YES;
				CLANG_WARN_BLOCK_CAPTURE_AUTORELEASING = YES;
				CLANG_WARN_BOOL_CONVERSION = YES;
				CLANG_WARN_COMMA = YES;
				CLANG_WARN_CONSTANT_CONVERSION = YES;
				CLANG_WARN_DEPRECATED_OBJC_IMPLEMENTATIONS = YES;
				CLANG_WARN_DIRECT_OBJC_ISA_USAGE = YES_ERROR;
				CLANG_WARN_DOCUMENTATION_COMMENTS = YES;
				CLANG_WARN_EMPTY_BODY = YES;
				CLANG_WARN_ENUM_CONVERSION = YES;
				CLANG_WARN_INFINITE_RECURSION = YES;
				CLANG_WARN_INT_CONVERSION = YES;
				CLANG_WARN_NON_LITERAL_NULL_CONVERSION = YES;
				CLANG_WARN_OBJC_IMPLICIT_RETAIN_SELF = YES;
				CLANG_WARN_OBJC_LITERAL_CONVERSION = YES;
				CLANG_WARN_OBJC_ROOT_CLASS = YES_ERROR;
				CLANG_WARN_RANGE_LOOP_ANALYSIS = YES;
				CLANG_WARN_STRICT_PROTOTYPES = YES;
				CLANG_WARN_SUSPICIOUS_MOVE = YES;
				CLANG_WARN_UNGUARDED_AVAILABILITY = YES_AGGRESSIVE;
				CLANG_WARN_UNREACHABLE_CODE = YES;
				CLANG_WARN__DUPLICATE_METHOD_MATCH = YES;
				COPY_PHASE_STRIP = NO;
				DEBUG_INFORMATION_FORMAT = dwarf;
				ENABLE_STRICT_OBJC_MSGSEND = YES;
				ENABLE_TESTABILITY = YES;
				GCC_C_LANGUAGE_STANDARD = gnu11;
				GCC_DYNAMIC_NO_PIC = NO;
				GCC_NO_COMMON_BLOCKS = YES;
				GCC_OPTIMIZATION_LEVEL = 0;
				GCC_PREPROCESSOR_DEFINITIONS = (
					"DEBUG=1",
					"$(inherited)",
				);
				GCC_WARN_64_TO_32_BIT_CONVERSION = YES;
				GCC_WARN_ABOUT_RETURN_TYPE = YES_ERROR;
				GCC_WARN_UNDECLARED_SELECTOR = YES;
				GCC_WARN_UNINITIALIZED_AUTOS = YES_AGGRESSIVE;
				GCC_WARN_UNUSED_FUNCTION = YES;
				GCC_WARN_UNUSED_VARIABLE = YES;
				IPHONEOS_DEPLOYMENT_TARGET = 13.2;
				MTL_ENABLE_DEBUG_INFO = INCLUDE_SOURCE;
				MTL_FAST_MATH = YES;
				ONLY_ACTIVE_ARCH = YES;
				SDKROOT = iphoneos;
				SWIFT_ACTIVE_COMPILATION_CONDITIONS = DEBUG;
				SWIFT_OPTIMIZATION_LEVEL = "-Onone";
			};
			name = Debug;
		};
		08FD04AE241A32CE002A8BC6 /* Release */ = {
			isa = XCBuildConfiguration;
			buildSettings = {
				ALWAYS_SEARCH_USER_PATHS = NO;
				CLANG_ANALYZER_NONNULL = YES;
				CLANG_ANALYZER_NUMBER_OBJECT_CONVERSION = YES_AGGRESSIVE;
				CLANG_CXX_LANGUAGE_STANDARD = "gnu++14";
				CLANG_CXX_LIBRARY = "libc++";
				CLANG_ENABLE_MODULES = YES;
				CLANG_ENABLE_OBJC_ARC = YES;
				CLANG_ENABLE_OBJC_WEAK = YES;
				CLANG_WARN_BLOCK_CAPTURE_AUTORELEASING = YES;
				CLANG_WARN_BOOL_CONVERSION = YES;
				CLANG_WARN_COMMA = YES;
				CLANG_WARN_CONSTANT_CONVERSION = YES;
				CLANG_WARN_DEPRECATED_OBJC_IMPLEMENTATIONS = YES;
				CLANG_WARN_DIRECT_OBJC_ISA_USAGE = YES_ERROR;
				CLANG_WARN_DOCUMENTATION_COMMENTS = YES;
				CLANG_WARN_EMPTY_BODY = YES;
				CLANG_WARN_ENUM_CONVERSION = YES;
				CLANG_WARN_INFINITE_RECURSION = YES;
				CLANG_WARN_INT_CONVERSION = YES;
				CLANG_WARN_NON_LITERAL_NULL_CONVERSION = YES;
				CLANG_WARN_OBJC_IMPLICIT_RETAIN_SELF = YES;
				CLANG_WARN_OBJC_LITERAL_CONVERSION = YES;
				CLANG_WARN_OBJC_ROOT_CLASS = YES_ERROR;
				CLANG_WARN_RANGE_LOOP_ANALYSIS = YES;
				CLANG_WARN_STRICT_PROTOTYPES = YES;
				CLANG_WARN_SUSPICIOUS_MOVE = YES;
				CLANG_WARN_UNGUARDED_AVAILABILITY = YES_AGGRESSIVE;
				CLANG_WARN_UNREACHABLE_CODE = YES;
				CLANG_WARN__DUPLICATE_METHOD_MATCH = YES;
				COPY_PHASE_STRIP = NO;
				DEBUG_INFORMATION_FORMAT = "dwarf-with-dsym";
				ENABLE_NS_ASSERTIONS = NO;
				ENABLE_STRICT_OBJC_MSGSEND = YES;
				GCC_C_LANGUAGE_STANDARD = gnu11;
				GCC_NO_COMMON_BLOCKS = YES;
				GCC_WARN_64_TO_32_BIT_CONVERSION = YES;
				GCC_WARN_ABOUT_RETURN_TYPE = YES_ERROR;
				GCC_WARN_UNDECLARED_SELECTOR = YES;
				GCC_WARN_UNINITIALIZED_AUTOS = YES_AGGRESSIVE;
				GCC_WARN_UNUSED_FUNCTION = YES;
				GCC_WARN_UNUSED_VARIABLE = YES;
				IPHONEOS_DEPLOYMENT_TARGET = 13.2;
				MTL_ENABLE_DEBUG_INFO = NO;
				MTL_FAST_MATH = YES;
				SDKROOT = iphoneos;
				SWIFT_COMPILATION_MODE = wholemodule;
				SWIFT_OPTIMIZATION_LEVEL = "-O";
				VALIDATE_PRODUCT = YES;
			};
			name = Release;
		};
		08FD04B0241A32CE002A8BC6 /* Debug */ = {
			isa = XCBuildConfiguration;
			buildSettings = {
				ASSETCATALOG_COMPILER_APPICON_NAME = AppIcon;
				CODE_SIGN_STYLE = Automatic;
				INFOPLIST_FILE = fetchAPI/Info.plist;
				LD_RUNPATH_SEARCH_PATHS = (
					"$(inherited)",
					"@executable_path/Frameworks",
				);
				PRODUCT_BUNDLE_IDENTIFIER = fr.barfou.fetchAPI;
				PRODUCT_NAME = "$(TARGET_NAME)";
				SWIFT_VERSION = 5.0;
				TARGETED_DEVICE_FAMILY = "1,2";
			};
			name = Debug;
		};
		08FD04B1241A32CE002A8BC6 /* Release */ = {
			isa = XCBuildConfiguration;
			buildSettings = {
				ASSETCATALOG_COMPILER_APPICON_NAME = AppIcon;
				CODE_SIGN_STYLE = Automatic;
				INFOPLIST_FILE = fetchAPI/Info.plist;
				LD_RUNPATH_SEARCH_PATHS = (
					"$(inherited)",
					"@executable_path/Frameworks",
				);
				PRODUCT_BUNDLE_IDENTIFIER = fr.barfou.fetchAPI;
				PRODUCT_NAME = "$(TARGET_NAME)";
				SWIFT_VERSION = 5.0;
				TARGETED_DEVICE_FAMILY = "1,2";
			};
			name = Release;
		};
/* End XCBuildConfiguration section */

/* Begin XCConfigurationList section */
		08FD0496241A32CB002A8BC6 /* Build configuration list for PBXProject "fetchAPI" */ = {
			isa = XCConfigurationList;
			buildConfigurations = (
				08FD04AD241A32CE002A8BC6 /* Debug */,
				08FD04AE241A32CE002A8BC6 /* Release */,
			);
			defaultConfigurationIsVisible = 0;
			defaultConfigurationName = Release;
		};
		08FD04AF241A32CE002A8BC6 /* Build configuration list for PBXNativeTarget "fetchAPI" */ = {
			isa = XCConfigurationList;
			buildConfigurations = (
				08FD04B0241A32CE002A8BC6 /* Debug */,
				08FD04B1241A32CE002A8BC6 /* Release */,
			);
			defaultConfigurationIsVisible = 0;
			defaultConfigurationName = Release;
		};
/* End XCConfigurationList section */

/* Begin XCRemoteSwiftPackageReference section */
		08FD04B2241A35A9002A8BC6 /* XCRemoteSwiftPackageReference "Moya" */ = {
			isa = XCRemoteSwiftPackageReference;
			repositoryURL = "https://github.com/Moya/Moya.git";
			requirement = {
				kind = upToNextMajorVersion;
				minimumVersion = 13.0.0;
			};
		};
/* End XCRemoteSwiftPackageReference section */

/* Begin XCSwiftPackageProductDependency section */
		08FD04B3241A35A9002A8BC6 /* Moya */ = {
			isa = XCSwiftPackageProductDependency;
			package = 08FD04B2241A35A9002A8BC6 /* XCRemoteSwiftPackageReference "Moya" */;
			productName = Moya;
		};
		08FD04B5241A35A9002A8BC6 /* ReactiveMoya */ = {
			isa = XCSwiftPackageProductDependency;
			package = 08FD04B2241A35A9002A8BC6 /* XCRemoteSwiftPackageReference "Moya" */;
			productName = ReactiveMoya;
		};
		08FD04B7241A35A9002A8BC6 /* RxMoya */ = {
			isa = XCSwiftPackageProductDependency;
			package = 08FD04B2241A35A9002A8BC6 /* XCRemoteSwiftPackageReference "Moya" */;
			productName = RxMoya;
		};
/* End XCSwiftPackageProductDependency section */
	};
	rootObject = 08FD0493241A32CB002A8BC6 /* Project object */;
}
